#!/usr/bin/ansible-playbook
---
 - hosts: all
   gather_facts: yes
   tasks:
      - block:
              - name: installing httpd on Redhat OS Destro
                yum:
                    name: httpd
                    state: latest
              - name: starting httpd service
                service:
                    name: httpd
                    state: started
                    enabled: yes 
        when: ansible_os_family == "RedHat"
        become: yes

      - block:
              - name: installing apache2 on Debian OS Destro
                yum:
                    name: apache2
                    state: latest
              - name: starting httpd service
                service:
                    name: apache2
                    state: started
                    enabled: yes 
        when: ansible_os_family == "Debian"
        become: yes

      - debug:
            msg:
               - "Succesfully completed all tasks"
